
Microsoft Visual Studio Solution File, Format Version 12.00
# Visual Studio 15
VisualStudioVersion = 15.0.28010.2003
MinimumVisualStudioVersion = 10.0.40219.1
Project("{FAE04EC0-301F-11D3-BF4B-00C04F79EFBC}") = "HW06", "HW06\HW06.csproj", "{B35A8633-A9F0-4A6B-BD7F-129C1DA2C648}"
EndProject
Project("{FAE04EC0-301F-11D3-BF4B-00C04F79EFBC}") = "MortgageProjectTests", "MortgageProjectTests\MortgageProjectTests.csproj", "{A3CEA49E-0F6A-4D5E-AE7A-16D9D766A775}"
EndProject
Global
	GlobalSection(SolutionConfigurationPlatforms) = preSolution
		Debug|Any CPU = Debug|Any CPU
		Release|Any CPU = Release|Any CPU
	EndGlobalSection
	GlobalSection(ProjectConfigurationPlatforms) = postSolution
		{B35A8633-A9F0-4A6B-BD7F-129C1DA2C648}.Debug|Any CPU.ActiveCfg = Debug|Any CPU
		{B35A8633-A9F0-4A6B-BD7F-129C1DA2C648}.Debug|Any CPU.Build.0 = Debug|Any CPU
		{B35A8633-A9F0-4A6B-BD7F-129C1DA2C648}.Release|Any CPU.ActiveCfg = Release|Any CPU
		{B35A8633-A9F0-4A6B-BD7F-129C1DA2C648}.Release|Any CPU.Build.0 = Release|Any CPU
		{A3CEA49E-0F6A-4D5E-AE7A-16D9D766A775}.Debug|Any CPU.ActiveCfg = Debug|Any CPU
		{A3CEA49E-0F6A-4D5E-AE7A-16D9D766A775}.Debug|Any CPU.Build.0 = Debug|Any CPU
		{A3CEA49E-0F6A-4D5E-AE7A-16D9D766A775}.Release|Any CPU.ActiveCfg = Release|Any CPU
		{A3CEA49E-0F6A-4D5E-AE7A-16D9D766A775}.Release|Any CPU.Build.0 = Release|Any CPU
	EndGlobalSection
	GlobalSection(SolutionProperties) = preSolution
		HideSolutionNode = FALSE
	EndGlobalSection
	GlobalSection(ExtensibilityGlobals) = postSolution
		SolutionGuid = {285049D2-148D-4BAA-94DF-D381C44E1A64}
	EndGlobalSection
EndGlobal
